// !$*UTF8*$!
{
	archiveVersion = 1;
	classes = {
	};
	objectVersion = 50;
	objects = {

/* Begin PBXBuildFile section */
		97B8995B25DF96D500F4E195 /* AppDelegate.swift in Sources */ = {isa = PBXBuildFile; fileRef = 97B8995A25DF96D500F4E195 /* AppDelegate.swift */; };
		97B8995D25DF96D500F4E195 /* SceneDelegate.swift in Sources */ = {isa = PBXBuildFile; fileRef = 97B8995C25DF96D500F4E195 /* SceneDelegate.swift */; };
		97B8995F25DF96D500F4E195 /* ContentView.swift in Sources */ = {isa = PBXBuildFile; fileRef = 97B8995E25DF96D500F4E195 /* ContentView.swift */; };
		97B8996125DF96D600F4E195 /* Assets.xcassets in Resources */ = {isa = PBXBuildFile; fileRef = 97B8996025DF96D600F4E195 /* Assets.xcassets */; };
		97B8996425DF96D600F4E195 /* Preview Assets.xcassets in Resources */ = {isa = PBXBuildFile; fileRef = 97B8996325DF96D600F4E195 /* Preview Assets.xcassets */; };
		97B8996725DF96D600F4E195 /* LaunchScreen.storyboard in Resources */ = {isa = PBXBuildFile; fileRef = 97B8996525DF96D600F4E195 /* LaunchScreen.storyboard */; };
		97B8997225DF96D600F4E195 /* SwiftTaxiTests.swift in Sources */ = {isa = PBXBuildFile; fileRef = 97B8997125DF96D600F4E195 /* SwiftTaxiTests.swift */; };
		97B8997D25DF96D600F4E195 /* SwiftTaxiUITests.swift in Sources */ = {isa = PBXBuildFile; fileRef = 97B8997C25DF96D600F4E195 /* SwiftTaxiUITests.swift */; };
/* End PBXBuildFile section */

/* Begin PBXContainerItemProxy section */
		97B8996E25DF96D600F4E195 /* PBXContainerItemProxy */ = {
			isa = PBXContainerItemProxy;
			containerPortal = 97B8994F25DF96D500F4E195 /* Project object */;
			proxyType = 1;
			remoteGlobalIDString = 97B8995625DF96D500F4E195;
			remoteInfo = SwiftTaxi;
		};
		97B8997925DF96D600F4E195 /* PBXContainerItemProxy */ = {
			isa = PBXContainerItemProxy;
			containerPortal = 97B8994F25DF96D500F4E195 /* Project object */;
			proxyType = 1;
			remoteGlobalIDString = 97B8995625DF96D500F4E195;
			remoteInfo = SwiftTaxi;
		};
/* End PBXContainerItemProxy section */

/* Begin PBXFileReference section */
		97B8995725DF96D500F4E195 /* SwiftTaxi.app */ = {isa = PBXFileReference; explicitFileType = wrapper.application; includeInIndex = 0; path = SwiftTaxi.app; sourceTree = BUILT_PRODUCTS_DIR; };
		97B8995A25DF96D500F4E195 /* AppDelegate.swift */ = {isa = PBXFileReference; lastKnownFileType = sourcecode.swift; path = AppDelegate.swift; sourceTree = "<group>"; };
		97B8995C25DF96D500F4E195 /* SceneDelegate.swift */ = {isa = PBXFileReference; lastKnownFileType = sourcecode.swift; path = SceneDelegate.swift; sourceTree = "<group>"; };
		97B8995E25DF96D500F4E195 /* ContentView.swift */ = {isa = PBXFileReference; lastKnownFileType = sourcecode.swift; path = ContentView.swift; sourceTree = "<group>"; };
		97B8996025DF96D600F4E195 /* Assets.xcassets */ = {isa = PBXFileReference; lastKnownFileType = folder.assetcatalog; path = Assets.xcassets; sourceTree = "<group>"; };
		97B8996325DF96D600F4E195 /* Preview Assets.xcassets */ = {isa = PBXFileReference; lastKnownFileType = folder.assetcatalog; path = "Preview Assets.xcassets"; sourceTree = "<group>"; };
		97B8996625DF96D600F4E195 /* Base */ = {isa = PBXFileReference; lastKnownFileType = file.storyboard; name = Base; path = Base.lproj/LaunchScreen.storyboard; sourceTree = "<group>"; };
		97B8996825DF96D600F4E195 /* Info.plist */ = {isa = PBXFileReference; lastKnownFileType = text.plist.xml; path = Info.plist; sourceTree = "<group>"; };
		97B8996D25DF96D600F4E195 /* SwiftTaxiTests.xctest */ = {isa = PBXFileReference; explicitFileType = wrapper.cfbundle; includeInIndex = 0; path = SwiftTaxiTests.xctest; sourceTree = BUILT_PRODUCTS_DIR; };
		97B8997125DF96D600F4E195 /* SwiftTaxiTests.swift */ = {isa = PBXFileReference; lastKnownFileType = sourcecode.swift; path = SwiftTaxiTests.swift; sourceTree = "<group>"; };
		97B8997325DF96D600F4E195 /* Info.plist */ = {isa = PBXFileReference; lastKnownFileType = text.plist.xml; path = Info.plist; sourceTree = "<group>"; };
		97B8997825DF96D600F4E195 /* SwiftTaxiUITests.xctest */ = {isa = PBXFileReference; explicitFileType = wrapper.cfbundle; includeInIndex = 0; path = SwiftTaxiUITests.xctest; sourceTree = BUILT_PRODUCTS_DIR; };
		97B8997C25DF96D600F4E195 /* SwiftTaxiUITests.swift */ = {isa = PBXFileReference; lastKnownFileType = sourcecode.swift; path = SwiftTaxiUITests.swift; sourceTree = "<group>"; };
		97B8997E25DF96D600F4E195 /* Info.plist */ = {isa = PBXFileReference; lastKnownFileType = text.plist.xml; path = Info.plist; sourceTree = "<group>"; };
/* End PBXFileReference section */

/* Begin PBXFrameworksBuildPhase section */
		97B8995425DF96D500F4E195 /* Frameworks */ = {
			isa = PBXFrameworksBuildPhase;
			buildActionMask = 2147483647;
			files = (
			);
			runOnlyForDeploymentPostprocessing = 0;
		};
		97B8996A25DF96D600F4E195 /* Frameworks */ = {
			isa = PBXFrameworksBuildPhase;
			buildActionMask = 2147483647;
			files = (
			);
			runOnlyForDeploymentPostprocessing = 0;
		};
		97B8997525DF96D600F4E195 /* Frameworks */ = {
			isa = PBXFrameworksBuildPhase;
			buildActionMask = 2147483647;
			files = (
			);
			runOnlyForDeploymentPostprocessing = 0;
		};
/* End PBXFrameworksBuildPhase section */

/* Begin PBXGroup section */
		97B8994E25DF96D500F4E195 = {
			isa = PBXGroup;
			children = (
				97B8995925DF96D500F4E195 /* SwiftTaxi */,
				97B8997025DF96D600F4E195 /* SwiftTaxiTests */,
				97B8997B25DF96D600F4E195 /* SwiftTaxiUITests */,
				97B8995825DF96D500F4E195 /* Products */,
			);
			sourceTree = "<group>";
		};
		97B8995825DF96D500F4E195 /* Products */ = {
			isa = PBXGroup;
			children = (
				97B8995725DF96D500F4E195 /* SwiftTaxi.app */,
				97B8996D25DF96D600F4E195 /* SwiftTaxiTests.xctest */,
				97B8997825DF96D600F4E195 /* SwiftTaxiUITests.xctest */,
			);
			name = Products;
			sourceTree = "<group>";
		};
		97B8995925DF96D500F4E195 /* SwiftTaxi */ = {
			isa = PBXGroup;
			children = (
				97B8995A25DF96D500F4E195 /* AppDelegate.swift */,
				97B8995C25DF96D500F4E195 /* SceneDelegate.swift */,
				97B8995E25DF96D500F4E195 /* ContentView.swift */,
				97B8996025DF96D600F4E195 /* Assets.xcassets */,
				97B8996525DF96D600F4E195 /* LaunchScreen.storyboard */,
				97B8996825DF96D600F4E195 /* Info.plist */,
				97B8996225DF96D600F4E195 /* Preview Content */,
			);
			path = SwiftTaxi;
			sourceTree = "<group>";
		};
		97B8996225DF96D600F4E195 /* Preview Content */ = {
			isa = PBXGroup;
			children = (
				97B8996325DF96D600F4E195 /* Preview Assets.xcassets */,
			);
			path = "Preview Content";
			sourceTree = "<group>";
		};
		97B8997025DF96D600F4E195 /* SwiftTaxiTests */ = {
			isa = PBXGroup;
			children = (
				97B8997125DF96D600F4E195 /* SwiftTaxiTests.swift */,
				97B8997325DF96D600F4E195 /* Info.plist */,
			);
			path = SwiftTaxiTests;
			sourceTree = "<group>";
		};
		97B8997B25DF96D600F4E195 /* SwiftTaxiUITests */ = {
			isa = PBXGroup;
			children = (
				97B8997C25DF96D600F4E195 /* SwiftTaxiUITests.swift */,
				97B8997E25DF96D600F4E195 /* Info.plist */,
			);
			path = SwiftTaxiUITests;
			sourceTree = "<group>";
		};
/* End PBXGroup section */

/* Begin PBXNativeTarget section */
		97B8995625DF96D500F4E195 /* SwiftTaxi */ = {
			isa = PBXNativeTarget;
			buildConfigurationList = 97B8998125DF96D600F4E195 /* Build configuration list for PBXNativeTarget "SwiftTaxi" */;
			buildPhases = (
				97B8995325DF96D500F4E195 /* Sources */,
				97B8995425DF96D500F4E195 /* Frameworks */,
				97B8995525DF96D500F4E195 /* Resources */,
			);
			buildRules = (
			);
			dependencies = (
			);
			name = SwiftTaxi;
			productName = SwiftTaxi;
			productReference = 97B8995725DF96D500F4E195 /* SwiftTaxi.app */;
			productType = "com.apple.product-type.application";
		};
		97B8996C25DF96D600F4E195 /* SwiftTaxiTests */ = {
			isa = PBXNativeTarget;
			buildConfigurationList = 97B8998425DF96D600F4E195 /* Build configuration list for PBXNativeTarget "SwiftTaxiTests" */;
			buildPhases = (
				97B8996925DF96D600F4E195 /* Sources */,
				97B8996A25DF96D600F4E195 /* Frameworks */,
				97B8996B25DF96D600F4E195 /* Resources */,
			);
			buildRules = (
			);
			dependencies = (
				97B8996F25DF96D600F4E195 /* PBXTargetDependency */,
			);
			name = SwiftTaxiTests;
			productName = SwiftTaxiTests;
			productReference = 97B8996D25DF96D600F4E195 /* SwiftTaxiTests.xctest */;
			productType = "com.apple.product-type.bundle.unit-test";
		};
		97B8997725DF96D600F4E195 /* SwiftTaxiUITests */ = {
			isa = PBXNativeTarget;
			buildConfigurationList = 97B8998725DF96D600F4E195 /* Build configuration list for PBXNativeTarget "SwiftTaxiUITests" */;
			buildPhases = (
				97B8997425DF96D600F4E195 /* Sources */,
				97B8997525DF96D600F4E195 /* Frameworks */,
				97B8997625DF96D600F4E195 /* Resources */,
			);
			buildRules = (
			);
			dependencies = (
				97B8997A25DF96D600F4E195 /* PBXTargetDependency */,
			);
			name = SwiftTaxiUITests;
			productName = SwiftTaxiUITests;
			productReference = 97B8997825DF96D600F4E195 /* SwiftTaxiUITests.xctest */;
			productType = "com.apple.product-type.bundle.ui-testing";
		};
/* End PBXNativeTarget section */

/* Begin PBXProject section */
		97B8994F25DF96D500F4E195 /* Project object */ = {
			isa = PBXProject;
			attributes = {
				LastSwiftUpdateCheck = 1240;
				LastUpgradeCheck = 1240;
				TargetAttributes = {
					97B8995625DF96D500F4E195 = {
						CreatedOnToolsVersion = 12.4;
					};
					97B8996C25DF96D600F4E195 = {
						CreatedOnToolsVersion = 12.4;
						TestTargetID = 97B8995625DF96D500F4E195;
					};
					97B8997725DF96D600F4E195 = {
						CreatedOnToolsVersion = 12.4;
						TestTargetID = 97B8995625DF96D500F4E195;
					};
				};
			};
			buildConfigurationList = 97B8995225DF96D500F4E195 /* Build configuration list for PBXProject "SwiftTaxi" */;
			compatibilityVersion = "Xcode 9.3";
			developmentRegion = en;
			hasScannedForEncodings = 0;
			knownRegions = (
				en,
				Base,
			);
			mainGroup = 97B8994E25DF96D500F4E195;
			productRefGroup = 97B8995825DF96D500F4E195 /* Products */;
			projectDirPath = "";
			projectRoot = "";
			targets = (
				97B8995625DF96D500F4E195 /* SwiftTaxi */,
				97B8996C25DF96D600F4E195 /* SwiftTaxiTests */,
				97B8997725DF96D600F4E195 /* SwiftTaxiUITests */,
			);
		};
/* End PBXProject section */

/* Begin PBXResourcesBuildPhase section */
		97B8995525DF96D500F4E195 /* Resources */ = {
			isa = PBXResourcesBuildPhase;
			buildActionMask = 2147483647;
			files = (
				97B8996725DF96D600F4E195 /* LaunchScreen.storyboard in Resources */,
				97B8996425DF96D600F4E195 /* Preview Assets.xcassets in Resources */,
				97B8996125DF96D600F4E195 /* Assets.xcassets in Resources */,
			);
			runOnlyForDeploymentPostprocessing = 0;
		};
		97B8996B25DF96D600F4E195 /* Resources */ = {
			isa = PBXResourcesBuildPhase;
			buildActionMask = 2147483647;
			files = (
			);
			runOnlyForDeploymentPostprocessing = 0;
		};
		97B8997625DF96D600F4E195 /* Resources */ = {
			isa = PBXResourcesBuildPhase;
			buildActionMask = 2147483647;
			files = (
			);
			runOnlyForDeploymentPostprocessing = 0;
		};
/* End PBXResourcesBuildPhase section */

/* Begin PBXSourcesBuildPhase section */
		97B8995325DF96D500F4E195 /* Sources */ = {
			isa = PBXSourcesBuildPhase;
			buildActionMask = 2147483647;
			files = (
				97B8995B25DF96D500F4E195 /* AppDelegate.swift in Sources */,
				97B8995D25DF96D500F4E195 /* SceneDelegate.swift in Sources */,
				97B8995F25DF96D500F4E195 /* ContentView.swift in Sources */,
			);
			runOnlyForDeploymentPostprocessing = 0;
		};
		97B8996925DF96D600F4E195 /* Sources */ = {
			isa = PBXSourcesBuildPhase;
			buildActionMask = 2147483647;
			files = (
				97B8997225DF96D600F4E195 /* SwiftTaxiTests.swift in Sources */,
			);
			runOnlyForDeploymentPostprocessing = 0;
		};
		97B8997425DF96D600F4E195 /* Sources */ = {
			isa = PBXSourcesBuildPhase;
			buildActionMask = 2147483647;
			files = (
				97B8997D25DF96D600F4E195 /* SwiftTaxiUITests.swift in Sources */,
			);
			runOnlyForDeploymentPostprocessing = 0;
		};
/* End PBXSourcesBuildPhase section */

/* Begin PBXTargetDependency section */
		97B8996F25DF96D600F4E195 /* PBXTargetDependency */ = {
			isa = PBXTargetDependency;
			target = 97B8995625DF96D500F4E195 /* SwiftTaxi */;
			targetProxy = 97B8996E25DF96D600F4E195 /* PBXContainerItemProxy */;
		};
		97B8997A25DF96D600F4E195 /* PBXTargetDependency */ = {
			isa = PBXTargetDependency;
			target = 97B8995625DF96D500F4E195 /* SwiftTaxi */;
			targetProxy = 97B8997925DF96D600F4E195 /* PBXContainerItemProxy */;
		};
/* End PBXTargetDependency section */

/* Begin PBXVariantGroup section */
		97B8996525DF96D600F4E195 /* LaunchScreen.storyboard */ = {
			isa = PBXVariantGroup;
			children = (
				97B8996625DF96D600F4E195 /* Base */,
			);
			name = LaunchScreen.storyboard;
			sourceTree = "<group>";
		};
/* End PBXVariantGroup section */

/* Begin XCBuildConfiguration section */
		97B8997F25DF96D600F4E195 /* Debug */ = {
			isa = XCBuildConfiguration;
			buildSettings = {
				ALWAYS_SEARCH_USER_PATHS = NO;
				CLANG_ANALYZER_NONNULL = YES;
				CLANG_ANALYZER_NUMBER_OBJECT_CONVERSION = YES_AGGRESSIVE;
				CLANG_CXX_LANGUAGE_STANDARD = "gnu++14";
				CLANG_CXX_LIBRARY = "libc++";
				CLANG_ENABLE_MODULES = YES;
				CLANG_ENABLE_OBJC_ARC = YES;
				CLANG_ENABLE_OBJC_WEAK = YES;
				CLANG_WARN_BLOCK_CAPTURE_AUTORELEASING = YES;
				CLANG_WARN_BOOL_CONVERSION = YES;
				CLANG_WARN_COMMA = YES;
				CLANG_WARN_CONSTANT_CONVERSION = YES;
				CLANG_WARN_DEPRECATED_OBJC_IMPLEMENTATIONS = YES;
				CLANG_WARN_DIRECT_OBJC_ISA_USAGE = YES_ERROR;
				CLANG_WARN_DOCUMENTATION_COMMENTS = YES;
				CLANG_WARN_EMPTY_BODY = YES;
				CLANG_WARN_ENUM_CONVERSION = YES;
				CLANG_WARN_INFINITE_RECURSION = YES;
				CLANG_WARN_INT_CONVERSION = YES;
				CLANG_WARN_NON_LITERAL_NULL_CONVERSION = YES;
				CLANG_WARN_OBJC_IMPLICIT_RETAIN_SELF = YES;
				CLANG_WARN_OBJC_LITERAL_CONVERSION = YES;
				CLANG_WARN_OBJC_ROOT_CLASS = YES_ERROR;
				CLANG_WARN_QUOTED_INCLUDE_IN_FRAMEWORK_HEADER = YES;
				CLANG_WARN_RANGE_LOOP_ANALYSIS = YES;
				CLANG_WARN_STRICT_PROTOTYPES = YES;
				CLANG_WARN_SUSPICIOUS_MOVE = YES;
				CLANG_WARN_UNGUARDED_AVAILABILITY = YES_AGGRESSIVE;
				CLANG_WARN_UNREACHABLE_CODE = YES;
				CLANG_WARN__DUPLICATE_METHOD_MATCH = YES;
				COPY_PHASE_STRIP = NO;
				DEBUG_INFORMATION_FORMAT = dwarf;
				ENABLE_STRICT_OBJC_MSGSEND = YES;
				ENABLE_TESTABILITY = YES;
				GCC_C_LANGUAGE_STANDARD = gnu11;
				GCC_DYNAMIC_NO_PIC = NO;
				GCC_NO_COMMON_BLOCKS = YES;
				GCC_OPTIMIZATION_LEVEL = 0;
				GCC_PREPROCESSOR_DEFINITIONS = (
					"DEBUG=1",
					"$(inherited)",
				);
				GCC_WARN_64_TO_32_BIT_CONVERSION = YES;
				GCC_WARN_ABOUT_RETURN_TYPE = YES_ERROR;
				GCC_WARN_UNDECLARED_SELECTOR = YES;
				GCC_WARN_UNINITIALIZED_AUTOS = YES_AGGRESSIVE;
				GCC_WARN_UNUSED_FUNCTION = YES;
				GCC_WARN_UNUSED_VARIABLE = YES;
				IPHONEOS_DEPLOYMENT_TARGET = 14.4;
				MTL_ENABLE_DEBUG_INFO = INCLUDE_SOURCE;
				MTL_FAST_MATH = YES;
				ONLY_ACTIVE_ARCH = YES;
				SDKROOT = iphoneos;
				SWIFT_ACTIVE_COMPILATION_CONDITIONS = DEBUG;
				SWIFT_OPTIMIZATION_LEVEL = "-Onone";
			};
			name = Debug;
		};
		97B8998025DF96D600F4E195 /* Release */ = {
			isa = XCBuildConfiguration;
			buildSettings = {
				ALWAYS_SEARCH_USER_PATHS = NO;
				CLANG_ANALYZER_NONNULL = YES;
				CLANG_ANALYZER_NUMBER_OBJECT_CONVERSION = YES_AGGRESSIVE;
				CLANG_CXX_LANGUAGE_STANDARD = "gnu++14";
				CLANG_CXX_LIBRARY = "libc++";
				CLANG_ENABLE_MODULES = YES;
				CLANG_ENABLE_OBJC_ARC = YES;
				CLANG_ENABLE_OBJC_WEAK = YES;
				CLANG_WARN_BLOCK_CAPTURE_AUTORELEASING = YES;
				CLANG_WARN_BOOL_CONVERSION = YES;
				CLANG_WARN_COMMA = YES;
				CLANG_WARN_CONSTANT_CONVERSION = YES;
				CLANG_WARN_DEPRECATED_OBJC_IMPLEMENTATIONS = YES;
				CLANG_WARN_DIRECT_OBJC_ISA_USAGE = YES_ERROR;
				CLANG_WARN_DOCUMENTATION_COMMENTS = YES;
				CLANG_WARN_EMPTY_BODY = YES;
				CLANG_WARN_ENUM_CONVERSION = YES;
				CLANG_WARN_INFINITE_RECURSION = YES;
				CLANG_WARN_INT_CONVERSION = YES;
				CLANG_WARN_NON_LITERAL_NULL_CONVERSION = YES;
				CLANG_WARN_OBJC_IMPLICIT_RETAIN_SELF = YES;
				CLANG_WARN_OBJC_LITERAL_CONVERSION = YES;
				CLANG_WARN_OBJC_ROOT_CLASS = YES_ERROR;
				CLANG_WARN_QUOTED_INCLUDE_IN_FRAMEWORK_HEADER = YES;
				CLANG_WARN_RANGE_LOOP_ANALYSIS = YES;
				CLANG_WARN_STRICT_PROTOTYPES = YES;
				CLANG_WARN_SUSPICIOUS_MOVE = YES;
				CLANG_WARN_UNGUARDED_AVAILABILITY = YES_AGGRESSIVE;
				CLANG_WARN_UNREACHABLE_CODE = YES;
				CLANG_WARN__DUPLICATE_METHOD_MATCH = YES;
				COPY_PHASE_STRIP = NO;
				DEBUG_INFORMATION_FORMAT = "dwarf-with-dsym";
				ENABLE_NS_ASSERTIONS = NO;
				ENABLE_STRICT_OBJC_MSGSEND = YES;
				GCC_C_LANGUAGE_STANDARD = gnu11;
				GCC_NO_COMMON_BLOCKS = YES;
				GCC_WARN_64_TO_32_BIT_CONVERSION = YES;
				GCC_WARN_ABOUT_RETURN_TYPE = YES_ERROR;
				GCC_WARN_UNDECLARED_SELECTOR = YES;
				GCC_WARN_UNINITIALIZED_AUTOS = YES_AGGRESSIVE;
				GCC_WARN_UNUSED_FUNCTION = YES;
				GCC_WARN_UNUSED_VARIABLE = YES;
				IPHONEOS_DEPLOYMENT_TARGET = 14.4;
				MTL_ENABLE_DEBUG_INFO = NO;
				MTL_FAST_MATH = YES;
				SDKROOT = iphoneos;
				SWIFT_COMPILATION_MODE = wholemodule;
				SWIFT_OPTIMIZATION_LEVEL = "-O";
				VALIDATE_PRODUCT = YES;
			};
			name = Release;
		};
		97B8998225DF96D600F4E195 /* Debug */ = {
			isa = XCBuildConfiguration;
			buildSettings = {
				ASSETCATALOG_COMPILER_APPICON_NAME = AppIcon;
				ASSETCATALOG_COMPILER_GLOBAL_ACCENT_COLOR_NAME = AccentColor;
				CODE_SIGN_STYLE = Automatic;
				DEVELOPMENT_ASSET_PATHS = "\"SwiftTaxi/Preview Content\"";
				ENABLE_PREVIEWS = YES;
				INFOPLIST_FILE = SwiftTaxi/Info.plist;
				LD_RUNPATH_SEARCH_PATHS = (
					"$(inherited)",
					"@executable_path/Frameworks",
				);
				PRODUCT_BUNDLE_IDENTIFIER = com.georgiivanov.SwiftTaxi;
				PRODUCT_NAME = "$(TARGET_NAME)";
				SWIFT_VERSION = 5.0;
				TARGETED_DEVICE_FAMILY = "1,2";
			};
			name = Debug;
		};
		97B8998325DF96D600F4E195 /* Release */ = {
			isa = XCBuildConfiguration;
			buildSettings = {
				ASSETCATALOG_COMPILER_APPICON_NAME = AppIcon;
				ASSETCATALOG_COMPILER_GLOBAL_ACCENT_COLOR_NAME = AccentColor;
				CODE_SIGN_STYLE = Automatic;
				DEVELOPMENT_ASSET_PATHS = "\"SwiftTaxi/Preview Content\"";
				ENABLE_PREVIEWS = YES;
				INFOPLIST_FILE = SwiftTaxi/Info.plist;
				LD_RUNPATH_SEARCH_PATHS = (
					"$(inherited)",
					"@executable_path/Frameworks",
				);
				PRODUCT_BUNDLE_IDENTIFIER = com.georgiivanov.SwiftTaxi;
				PRODUCT_NAME = "$(TARGET_NAME)";
				SWIFT_VERSION = 5.0;
				TARGETED_DEVICE_FAMILY = "1,2";
			};
			name = Release;
		};
		97B8998525DF96D600F4E195 /* Debug */ = {
			isa = XCBuildConfiguration;
			buildSettings = {
				ALWAYS_EMBED_SWIFT_STANDARD_LIBRARIES = YES;
				BUNDLE_LOADER = "$(TEST_HOST)";
				CODE_SIGN_STYLE = Automatic;
				INFOPLIST_FILE = SwiftTaxiTests/Info.plist;
				IPHONEOS_DEPLOYMENT_TARGET = 14.4;
				LD_RUNPATH_SEARCH_PATHS = (
					"$(inherited)",
					"@executable_path/Frameworks",
					"@loader_path/Frameworks",
				);
				PRODUCT_BUNDLE_IDENTIFIER = com.georgiivanov.SwiftTaxiTests;
				PRODUCT_NAME = "$(TARGET_NAME)";
				SWIFT_VERSION = 5.0;
				TARGETED_DEVICE_FAMILY = "1,2";
				TEST_HOST = "$(BUILT_PRODUCTS_DIR)/SwiftTaxi.app/SwiftTaxi";
			};
			name = Debug;
		};
		97B8998625DF96D600F4E195 /* Release */ = {
			isa = XCBuildConfiguration;
			buildSettings = {
				ALWAYS_EMBED_SWIFT_STANDARD_LIBRARIES = YES;
				BUNDLE_LOADER = "$(TEST_HOST)";
				CODE_SIGN_STYLE = Automatic;
				INFOPLIST_FILE = SwiftTaxiTests/Info.plist;
				IPHONEOS_DEPLOYMENT_TARGET = 14.4;
				LD_RUNPATH_SEARCH_PATHS = (
					"$(inherited)",
					"@executable_path/Frameworks",
					"@loader_path/Frameworks",
				);
				PRODUCT_BUNDLE_IDENTIFIER = com.georgiivanov.SwiftTaxiTests;
				PRODUCT_NAME = "$(TARGET_NAME)";
				SWIFT_VERSION = 5.0;
				TARGETED_DEVICE_FAMILY = "1,2";
				TEST_HOST = "$(BUILT_PRODUCTS_DIR)/SwiftTaxi.app/SwiftTaxi";
			};
			name = Release;
		};
		97B8998825DF96D600F4E195 /* Debug */ = {
			isa = XCBuildConfiguration;
			buildSettings = {
				ALWAYS_EMBED_SWIFT_STANDARD_LIBRARIES = YES;
				CODE_SIGN_STYLE = Automatic;
				INFOPLIST_FILE = SwiftTaxiUITests/Info.plist;
				LD_RUNPATH_SEARCH_PATHS = (
					"$(inherited)",
					"@executable_path/Frameworks",
					"@loader_path/Frameworks",
				);
				PRODUCT_BUNDLE_IDENTIFIER = com.georgiivanov.SwiftTaxiUITests;
				PRODUCT_NAME = "$(TARGET_NAME)";
				SWIFT_VERSION = 5.0;
				TARGETED_DEVICE_FAMILY = "1,2";
				TEST_TARGET_NAME = SwiftTaxi;
			};
			name = Debug;
		};
		97B8998925DF96D600F4E195 /* Release */ = {
			isa = XCBuildConfiguration;
			buildSettings = {
				ALWAYS_EMBED_SWIFT_STANDARD_LIBRARIES = YES;
				CODE_SIGN_STYLE = Automatic;
				INFOPLIST_FILE = SwiftTaxiUITests/Info.plist;
				LD_RUNPATH_SEARCH_PATHS = (
					"$(inherited)",
					"@executable_path/Frameworks",
					"@loader_path/Frameworks",
				);
				PRODUCT_BUNDLE_IDENTIFIER = com.georgiivanov.SwiftTaxiUITests;
				PRODUCT_NAME = "$(TARGET_NAME)";
				SWIFT_VERSION = 5.0;
				TARGETED_DEVICE_FAMILY = "1,2";
				TEST_TARGET_NAME = SwiftTaxi;
			};
			name = Release;
		};
/* End XCBuildConfiguration section */

/* Begin XCConfigurationList section */
		97B8995225DF96D500F4E195 /* Build configuration list for PBXProject "SwiftTaxi" */ = {
			isa = XCConfigurationList;
			buildConfigurations = (
				97B8997F25DF96D600F4E195 /* Debug */,
				97B8998025DF96D600F4E195 /* Release */,
			);
			defaultConfigurationIsVisible = 0;
			defaultConfigurationName = Release;
		};
		97B8998125DF96D600F4E195 /* Build configuration list for PBXNativeTarget "SwiftTaxi" */ = {
			isa = XCConfigurationList;
			buildConfigurations = (
				97B8998225DF96D600F4E195 /* Debug */,
				97B8998325DF96D600F4E195 /* Release */,
			);
			defaultConfigurationIsVisible = 0;
			defaultConfigurationName = Release;
		};
		97B8998425DF96D600F4E195 /* Build configuration list for PBXNativeTarget "SwiftTaxiTests" */ = {
			isa = XCConfigurationList;
			buildConfigurations = (
				97B8998525DF96D600F4E195 /* Debug */,
				97B8998625DF96D600F4E195 /* Release */,
			);
			defaultConfigurationIsVisible = 0;
			defaultConfigurationName = Release;
		};
		97B8998725DF96D600F4E195 /* Build configuration list for PBXNativeTarget "SwiftTaxiUITests" */ = {
			isa = XCConfigurationList;
			buildConfigurations = (
				97B8998825DF96D600F4E195 /* Debug */,
				97B8998925DF96D600F4E195 /* Release */,
			);
			defaultConfigurationIsVisible = 0;
			defaultConfigurationName = Release;
		};
/* End XCConfigurationList section */
	};
	rootObject = 97B8994F25DF96D500F4E195 /* Project object */;
}
